
Microsoft Visual Studio Solution File, Format Version 12.00
# Visual Studio 14
VisualStudioVersion = 14.0.25420.1
MinimumVisualStudioVersion = 10.0.40219.1
Project("{FAE04EC0-301F-11D3-BF4B-00C04F79EFBC}") = "ExpertSystem", "ExpertSystem\ExpertSystem.csproj", "{24677FD3-B4AD-4476-AA58-18692376F162}"
EndProject
Project("{2150E333-8FDC-42A3-9474-1A3956D46DE8}") = "Solution Items", "Solution Items", "{59865F56-C43D-4D0F-ABD0-806F09B8DA54}"
EndProject
Project("{FAE04EC0-301F-11D3-BF4B-00C04F79EFBC}") = "vv", "vv\vv.csproj", "{481B6EF9-0F83-4BC1-8002-02A80570D75D}"
EndProject
Global
	GlobalSection(SolutionConfigurationPlatforms) = preSolution
		Debug|Any CPU = Debug|Any CPU
		Release|Any CPU = Release|Any CPU
	EndGlobalSection
	GlobalSection(ProjectConfigurationPlatforms) = postSolution
		{24677FD3-B4AD-4476-AA58-18692376F162}.Debug|Any CPU.ActiveCfg = Debug|Any CPU
		{24677FD3-B4AD-4476-AA58-18692376F162}.Debug|Any CPU.Build.0 = Debug|Any CPU
		{24677FD3-B4AD-4476-AA58-18692376F162}.Release|Any CPU.ActiveCfg = Release|Any CPU
		{24677FD3-B4AD-4476-AA58-18692376F162}.Release|Any CPU.Build.0 = Release|Any CPU
		{481B6EF9-0F83-4BC1-8002-02A80570D75D}.Debug|Any CPU.ActiveCfg = Debug|Any CPU
		{481B6EF9-0F83-4BC1-8002-02A80570D75D}.Debug|Any CPU.Build.0 = Debug|Any CPU
		{481B6EF9-0F83-4BC1-8002-02A80570D75D}.Release|Any CPU.ActiveCfg = Release|Any CPU
		{481B6EF9-0F83-4BC1-8002-02A80570D75D}.Release|Any CPU.Build.0 = Release|Any CPU
	EndGlobalSection
	GlobalSection(SolutionProperties) = preSolution
		HideSolutionNode = FALSE
	EndGlobalSection
EndGlobal
